
Microsoft Visual Studio Solution File, Format Version 12.00
# Visual Studio Version 16
VisualStudioVersion = 16.0.28729.10
MinimumVisualStudioVersion = 10.0.40219.1
Project("{FAE04EC0-301F-11D3-BF4B-00C04F79EFBC}") = "TrackerLibrary", "TrackerLibrary\TrackerLibrary.csproj", "{F9A51843-00C8-4699-AF55-7B25D3EA3B61}"
EndProject
Project("{FAE04EC0-301F-11D3-BF4B-00C04F79EFBC}") = "TrackerUI", "TrackerUI\TrackerUI.csproj", "{950815B4-5A8A-4E63-A55B-BD6B1FB0B00C}"
EndProject
Global
	GlobalSection(SolutionConfigurationPlatforms) = preSolution
		Debug|Any CPU = Debug|Any CPU
		Release|Any CPU = Release|Any CPU
	EndGlobalSection
	GlobalSection(ProjectConfigurationPlatforms) = postSolution
		{F9A51843-00C8-4699-AF55-7B25D3EA3B61}.Debug|Any CPU.ActiveCfg = Debug|Any CPU
		{F9A51843-00C8-4699-AF55-7B25D3EA3B61}.Debug|Any CPU.Build.0 = Debug|Any CPU
		{F9A51843-00C8-4699-AF55-7B25D3EA3B61}.Release|Any CPU.ActiveCfg = Release|Any CPU
		{F9A51843-00C8-4699-AF55-7B25D3EA3B61}.Release|Any CPU.Build.0 = Release|Any CPU
		{950815B4-5A8A-4E63-A55B-BD6B1FB0B00C}.Debug|Any CPU.ActiveCfg = Debug|Any CPU
		{950815B4-5A8A-4E63-A55B-BD6B1FB0B00C}.Debug|Any CPU.Build.0 = Debug|Any CPU
		{950815B4-5A8A-4E63-A55B-BD6B1FB0B00C}.Release|Any CPU.ActiveCfg = Release|Any CPU
		{950815B4-5A8A-4E63-A55B-BD6B1FB0B00C}.Release|Any CPU.Build.0 = Release|Any CPU
	EndGlobalSection
	GlobalSection(SolutionProperties) = preSolution
		HideSolutionNode = FALSE
	EndGlobalSection
	GlobalSection(ExtensibilityGlobals) = postSolution
		SolutionGuid = {DC6533AC-F19A-4547-AA0F-3CC8166DEEDA}
	EndGlobalSection
EndGlobal
